
Microsoft Visual Studio Solution File, Format Version 12.00
# Visual Studio 15
VisualStudioVersion = 15.0.28307.168
MinimumVisualStudioVersion = 10.0.40219.1
Project("{FAE04EC0-301F-11D3-BF4B-00C04F79EFBC}") = "MvcProfiler.Library", "MvcProfiler\MvcProfiler.Library.csproj", "{3737EC51-A787-41E9-A86F-86893A52C83D}"
EndProject
Project("{FAE04EC0-301F-11D3-BF4B-00C04F79EFBC}") = "MvcProfiler.Postulate", "MvcProfiler.Postulate\MvcProfiler.Postulate.csproj", "{0E16876B-83E8-4D58-9BED-1BC0714E81E6}"
EndProject
Global
	GlobalSection(SolutionConfigurationPlatforms) = preSolution
		Debug|Any CPU = Debug|Any CPU
		Release|Any CPU = Release|Any CPU
	EndGlobalSection
	GlobalSection(ProjectConfigurationPlatforms) = postSolution
		{3737EC51-A787-41E9-A86F-86893A52C83D}.Debug|Any CPU.ActiveCfg = Debug|Any CPU
		{3737EC51-A787-41E9-A86F-86893A52C83D}.Debug|Any CPU.Build.0 = Debug|Any CPU
		{3737EC51-A787-41E9-A86F-86893A52C83D}.Release|Any CPU.ActiveCfg = Release|Any CPU
		{3737EC51-A787-41E9-A86F-86893A52C83D}.Release|Any CPU.Build.0 = Release|Any CPU
		{0E16876B-83E8-4D58-9BED-1BC0714E81E6}.Debug|Any CPU.ActiveCfg = Debug|Any CPU
		{0E16876B-83E8-4D58-9BED-1BC0714E81E6}.Debug|Any CPU.Build.0 = Debug|Any CPU
		{0E16876B-83E8-4D58-9BED-1BC0714E81E6}.Release|Any CPU.ActiveCfg = Release|Any CPU
		{0E16876B-83E8-4D58-9BED-1BC0714E81E6}.Release|Any CPU.Build.0 = Release|Any CPU
	EndGlobalSection
	GlobalSection(SolutionProperties) = preSolution
		HideSolutionNode = FALSE
	EndGlobalSection
	GlobalSection(ExtensibilityGlobals) = postSolution
		SolutionGuid = {AF7509B8-F498-48C3-8C15-69FD00BBAB50}
	EndGlobalSection
EndGlobal
